
Microsoft Visual Studio Solution File, Format Version 12.00
# Visual Studio Version 17
VisualStudioVersion = 17.2.32630.192
MinimumVisualStudioVersion = 10.0.40219.1
Project("{FAE04EC0-301F-11D3-BF4B-00C04F79EFBC}") = "WeigthsSorter", "WeigthsSorter\WeigthsSorter.csproj", "{5517EFAA-6C9E-419F-B93C-EE4854C14AD9}"
EndProject
Global
	GlobalSection(SolutionConfigurationPlatforms) = preSolution
		Debug|Any CPU = Debug|Any CPU
		Release|Any CPU = Release|Any CPU
	EndGlobalSection
	GlobalSection(ProjectConfigurationPlatforms) = postSolution
		{5517EFAA-6C9E-419F-B93C-EE4854C14AD9}.Debug|Any CPU.ActiveCfg = Debug|Any CPU
		{5517EFAA-6C9E-419F-B93C-EE4854C14AD9}.Debug|Any CPU.Build.0 = Debug|Any CPU
		{5517EFAA-6C9E-419F-B93C-EE4854C14AD9}.Release|Any CPU.ActiveCfg = Release|Any CPU
		{5517EFAA-6C9E-419F-B93C-EE4854C14AD9}.Release|Any CPU.Build.0 = Release|Any CPU
	EndGlobalSection
	GlobalSection(SolutionProperties) = preSolution
		HideSolutionNode = FALSE
	EndGlobalSection
	GlobalSection(ExtensibilityGlobals) = postSolution
		SolutionGuid = {442B7227-710D-40DB-82B5-D818E423F57B}
	EndGlobalSection
EndGlobal
